
Microsoft Visual Studio Solution File, Format Version 12.00
# Visual Studio Version 16
VisualStudioVersion = 16.0.30114.105
MinimumVisualStudioVersion = 10.0.40219.1
Project("{FAE04EC0-301F-11D3-BF4B-00C04F79EFBC}") = "mslearn-dotnet-files", "mslearn-dotnet-files.csproj", "{09ACBD57-F4C5-4F89-9D6A-855C59B68D5D}"
EndProject
Global
	GlobalSection(SolutionConfigurationPlatforms) = preSolution
		Debug|Any CPU = Debug|Any CPU
		Release|Any CPU = Release|Any CPU
	EndGlobalSection
	GlobalSection(SolutionProperties) = preSolution
		HideSolutionNode = FALSE
	EndGlobalSection
	GlobalSection(ProjectConfigurationPlatforms) = postSolution
		{09ACBD57-F4C5-4F89-9D6A-855C59B68D5D}.Debug|Any CPU.ActiveCfg = Debug|Any CPU
		{09ACBD57-F4C5-4F89-9D6A-855C59B68D5D}.Debug|Any CPU.Build.0 = Debug|Any CPU
		{09ACBD57-F4C5-4F89-9D6A-855C59B68D5D}.Release|Any CPU.ActiveCfg = Release|Any CPU
		{09ACBD57-F4C5-4F89-9D6A-855C59B68D5D}.Release|Any CPU.Build.0 = Release|Any CPU
	EndGlobalSection
EndGlobal
